
Microsoft Visual Studio Solution File, Format Version 12.00
# Visual Studio Version 17
Project("{8BC9CEB8-8B4A-11D0-8D11-00A0C91BC942}") = "GT4Hooks", "GT4Hooks.vcxproj", "{2C95429D-8256-4051-B257-4025D63BC70F}"
EndProject
Global
	GlobalSection(SolutionConfigurationPlatforms) = preSolution
		gt4o-US|x64 = gt4o-US|x64
		tt-US|x64 = tt-US|x64
		tt-EU|x64 = tt-EU|x64
		tt-JP|x64 = tt-JP|x64
	EndGlobalSection
	GlobalSection(ProjectConfigurationPlatforms) = postSolution
		{2C95429D-8256-4051-B257-4025D63BC70F}.gt4o-US|x64.ActiveCfg = gt4o-US|x64
		{2C95429D-8256-4051-B257-4025D63BC70F}.gt4o-US|x64.Build.0 = gt4o-US|x64
		{2C95429D-8256-4051-B257-4025D63BC70F}.tt-US|x64.ActiveCfg = tt-US|x64
		{2C95429D-8256-4051-B257-4025D63BC70F}.tt-US|x64.Build.0 = tt-US|x64
		{2C95429D-8256-4051-B257-4025D63BC70F}.tt-EU|x64.ActiveCfg = tt-EU|x64
		{2C95429D-8256-4051-B257-4025D63BC70F}.tt-EU|x64.Build.0 = tt-EU|x64
		{2C95429D-8256-4051-B257-4025D63BC70F}.tt-JP|x64.ActiveCfg = tt-JP|x64
		{2C95429D-8256-4051-B257-4025D63BC70F}.tt-JP|x64.Build.0 = tt-JP|x64
	EndGlobalSection
	GlobalSection(SolutionProperties) = preSolution
		HideSolutionNode = FALSE
	EndGlobalSection
	GlobalSection(ExtensibilityGlobals) = postSolution
		SolutionGuid = {5793181A-25AF-4BF6-82E5-F0DBE0FFFCA2}
	EndGlobalSection
EndGlobal
